// !$*UTF8*$!
{
	archiveVersion = 1;
	classes = {
	};
	objectVersion = 55;
	objects = {

/* Begin PBXBuildFile section */
		23428E27840C3C3F87E8743F /* Pods_NailStocks.framework in Frameworks */ = {isa = PBXBuildFile; fileRef = 617A4382CB10F7BEBF400061 /* Pods_NailStocks.framework */; };
		30A901CD27CEA1C30088E594 /* URLs.swift in Sources */ = {isa = PBXBuildFile; fileRef = 30A901CC27CEA1C30088E594 /* URLs.swift */; };
		30A901CF27CEA23C0088E594 /* APIKeys.swift in Sources */ = {isa = PBXBuildFile; fileRef = 30A901CE27CEA23C0088E594 /* APIKeys.swift */; };
		30A901D127CEA4770088E594 /* StockViewController.swift in Sources */ = {isa = PBXBuildFile; fileRef = 30A901D027CEA4770088E594 /* StockViewController.swift */; };
		30A901D327CEBC570088E594 /* MarketCap.swift in Sources */ = {isa = PBXBuildFile; fileRef = 30A901D227CEBC570088E594 /* MarketCap.swift */; };
		30C8D81327C2C57600608058 /* AppDelegate.swift in Sources */ = {isa = PBXBuildFile; fileRef = 30C8D81227C2C57600608058 /* AppDelegate.swift */; };
		30C8D81527C2C57600608058 /* SceneDelegate.swift in Sources */ = {isa = PBXBuildFile; fileRef = 30C8D81427C2C57600608058 /* SceneDelegate.swift */; };
		30C8D81A27C2C57600608058 /* Main.storyboard in Resources */ = {isa = PBXBuildFile; fileRef = 30C8D81827C2C57600608058 /* Main.storyboard */; };
		30C8D81C27C2C57700608058 /* Assets.xcassets in Resources */ = {isa = PBXBuildFile; fileRef = 30C8D81B27C2C57700608058 /* Assets.xcassets */; };
		30C8D81F27C2C57700608058 /* LaunchScreen.storyboard in Resources */ = {isa = PBXBuildFile; fileRef = 30C8D81D27C2C57700608058 /* LaunchScreen.storyboard */; };
/* End PBXBuildFile section */

/* Begin PBXFileReference section */
		30A901CC27CEA1C30088E594 /* URLs.swift */ = {isa = PBXFileReference; lastKnownFileType = sourcecode.swift; path = URLs.swift; sourceTree = "<group>"; };
		30A901CE27CEA23C0088E594 /* APIKeys.swift */ = {isa = PBXFileReference; lastKnownFileType = sourcecode.swift; path = APIKeys.swift; sourceTree = "<group>"; };
		30A901D027CEA4770088E594 /* StockViewController.swift */ = {isa = PBXFileReference; lastKnownFileType = sourcecode.swift; path = StockViewController.swift; sourceTree = "<group>"; };
		30A901D227CEBC570088E594 /* MarketCap.swift */ = {isa = PBXFileReference; lastKnownFileType = sourcecode.swift; path = MarketCap.swift; sourceTree = "<group>"; };
		30C8D80F27C2C57600608058 /* NailStocks.app */ = {isa = PBXFileReference; explicitFileType = wrapper.application; includeInIndex = 0; path = NailStocks.app; sourceTree = BUILT_PRODUCTS_DIR; };
		30C8D81227C2C57600608058 /* AppDelegate.swift */ = {isa = PBXFileReference; lastKnownFileType = sourcecode.swift; path = AppDelegate.swift; sourceTree = "<group>"; };
		30C8D81427C2C57600608058 /* SceneDelegate.swift */ = {isa = PBXFileReference; lastKnownFileType = sourcecode.swift; path = SceneDelegate.swift; sourceTree = "<group>"; };
		30C8D81927C2C57600608058 /* Base */ = {isa = PBXFileReference; lastKnownFileType = file.storyboard; name = Base; path = Base.lproj/Main.storyboard; sourceTree = "<group>"; };
		30C8D81B27C2C57700608058 /* Assets.xcassets */ = {isa = PBXFileReference; lastKnownFileType = folder.assetcatalog; path = Assets.xcassets; sourceTree = "<group>"; };
		30C8D81E27C2C57700608058 /* Base */ = {isa = PBXFileReference; lastKnownFileType = file.storyboard; name = Base; path = Base.lproj/LaunchScreen.storyboard; sourceTree = "<group>"; };
		30C8D82027C2C57700608058 /* Info.plist */ = {isa = PBXFileReference; lastKnownFileType = text.plist.xml; path = Info.plist; sourceTree = "<group>"; };
		617A4382CB10F7BEBF400061 /* Pods_NailStocks.framework */ = {isa = PBXFileReference; explicitFileType = wrapper.framework; includeInIndex = 0; path = Pods_NailStocks.framework; sourceTree = BUILT_PRODUCTS_DIR; };
		65B534D5D47BC696379AE13B /* Pods-NailStocks.release.xcconfig */ = {isa = PBXFileReference; includeInIndex = 1; lastKnownFileType = text.xcconfig; name = "Pods-NailStocks.release.xcconfig"; path = "Target Support Files/Pods-NailStocks/Pods-NailStocks.release.xcconfig"; sourceTree = "<group>"; };
		B0ACD3BA48ECC2357559F660 /* Pods-NailStocks.debug.xcconfig */ = {isa = PBXFileReference; includeInIndex = 1; lastKnownFileType = text.xcconfig; name = "Pods-NailStocks.debug.xcconfig"; path = "Target Support Files/Pods-NailStocks/Pods-NailStocks.debug.xcconfig"; sourceTree = "<group>"; };
/* End PBXFileReference section */

/* Begin PBXFrameworksBuildPhase section */
		30C8D80C27C2C57600608058 /* Frameworks */ = {
			isa = PBXFrameworksBuildPhase;
			buildActionMask = 2147483647;
			files = (
				23428E27840C3C3F87E8743F /* Pods_NailStocks.framework in Frameworks */,
			);
			runOnlyForDeploymentPostprocessing = 0;
		};
/* End PBXFrameworksBuildPhase section */

/* Begin PBXGroup section */
		166513753209C85F58A1ED65 /* Frameworks */ = {
			isa = PBXGroup;
			children = (
				617A4382CB10F7BEBF400061 /* Pods_NailStocks.framework */,
			);
			name = Frameworks;
			sourceTree = "<group>";
		};
		1B0D030B84BAB6B2371C2845 /* Pods */ = {
			isa = PBXGroup;
			children = (
				B0ACD3BA48ECC2357559F660 /* Pods-NailStocks.debug.xcconfig */,
				65B534D5D47BC696379AE13B /* Pods-NailStocks.release.xcconfig */,
			);
			path = Pods;
			sourceTree = "<group>";
		};
		30C8D80627C2C57600608058 = {
			isa = PBXGroup;
			children = (
				30C8D81127C2C57600608058 /* NailStocks */,
				30C8D81027C2C57600608058 /* Products */,
				1B0D030B84BAB6B2371C2845 /* Pods */,
				166513753209C85F58A1ED65 /* Frameworks */,
			);
			sourceTree = "<group>";
		};
		30C8D81027C2C57600608058 /* Products */ = {
			isa = PBXGroup;
			children = (
				30C8D80F27C2C57600608058 /* NailStocks.app */,
			);
			name = Products;
			sourceTree = "<group>";
		};
		30C8D81127C2C57600608058 /* NailStocks */ = {
			isa = PBXGroup;
			children = (
				30C8D82927C2C7B900608058 /* Constants */,
				30C8D82827C2C5B600608058 /* Controller */,
				30C8D82727C2C5AB00608058 /* View */,
				30C8D82627C2C5A200608058 /* Model */,
				30C8D81227C2C57600608058 /* AppDelegate.swift */,
				30C8D81427C2C57600608058 /* SceneDelegate.swift */,
				30C8D81B27C2C57700608058 /* Assets.xcassets */,
				30C8D81D27C2C57700608058 /* LaunchScreen.storyboard */,
				30C8D82027C2C57700608058 /* Info.plist */,
			);
			path = NailStocks;
			sourceTree = "<group>";
		};
		30C8D82627C2C5A200608058 /* Model */ = {
			isa = PBXGroup;
			children = (
				30A901D227CEBC570088E594 /* MarketCap.swift */,
			);
			path = Model;
			sourceTree = "<group>";
		};
		30C8D82727C2C5AB00608058 /* View */ = {
			isa = PBXGroup;
			children = (
				30C8D81827C2C57600608058 /* Main.storyboard */,
			);
			path = View;
			sourceTree = "<group>";
		};
		30C8D82827C2C5B600608058 /* Controller */ = {
			isa = PBXGroup;
			children = (
				30A901D027CEA4770088E594 /* StockViewController.swift */,
			);
			path = Controller;
			sourceTree = "<group>";
		};
		30C8D82927C2C7B900608058 /* Constants */ = {
			isa = PBXGroup;
			children = (
				30A901CC27CEA1C30088E594 /* URLs.swift */,
				30A901CE27CEA23C0088E594 /* APIKeys.swift */,
			);
			path = Constants;
			sourceTree = "<group>";
		};
/* End PBXGroup section */

/* Begin PBXNativeTarget section */
		30C8D80E27C2C57600608058 /* NailStocks */ = {
			isa = PBXNativeTarget;
			buildConfigurationList = 30C8D82327C2C57700608058 /* Build configuration list for PBXNativeTarget "NailStocks" */;
			buildPhases = (
				330BE7137363FC841AF70A01 /* [CP] Check Pods Manifest.lock */,
				30C8D80B27C2C57600608058 /* Sources */,
				30C8D80C27C2C57600608058 /* Frameworks */,
				30C8D80D27C2C57600608058 /* Resources */,
				3E4A0AE95C610CFC221D918F /* [CP] Embed Pods Frameworks */,
			);
			buildRules = (
			);
			dependencies = (
			);
			name = NailStocks;
			productName = NailStocks;
			productReference = 30C8D80F27C2C57600608058 /* NailStocks.app */;
			productType = "com.apple.product-type.application";
		};
/* End PBXNativeTarget section */

/* Begin PBXProject section */
		30C8D80727C2C57600608058 /* Project object */ = {
			isa = PBXProject;
			attributes = {
				BuildIndependentTargetsInParallel = 1;
				LastSwiftUpdateCheck = 1320;
				LastUpgradeCheck = 1320;
				TargetAttributes = {
					30C8D80E27C2C57600608058 = {
						CreatedOnToolsVersion = 13.2.1;
					};
				};
			};
			buildConfigurationList = 30C8D80A27C2C57600608058 /* Build configuration list for PBXProject "NailStocks" */;
			compatibilityVersion = "Xcode 13.0";
			developmentRegion = en;
			hasScannedForEncodings = 0;
			knownRegions = (
				en,
				Base,
			);
			mainGroup = 30C8D80627C2C57600608058;
			productRefGroup = 30C8D81027C2C57600608058 /* Products */;
			projectDirPath = "";
			projectRoot = "";
			targets = (
				30C8D80E27C2C57600608058 /* NailStocks */,
			);
		};
/* End PBXProject section */

/* Begin PBXResourcesBuildPhase section */
		30C8D80D27C2C57600608058 /* Resources */ = {
			isa = PBXResourcesBuildPhase;
			buildActionMask = 2147483647;
			files = (
				30C8D81F27C2C57700608058 /* LaunchScreen.storyboard in Resources */,
				30C8D81C27C2C57700608058 /* Assets.xcassets in Resources */,
				30C8D81A27C2C57600608058 /* Main.storyboard in Resources */,
			);
			runOnlyForDeploymentPostprocessing = 0;
		};
/* End PBXResourcesBuildPhase section */

/* Begin PBXShellScriptBuildPhase section */
		330BE7137363FC841AF70A01 /* [CP] Check Pods Manifest.lock */ = {
			isa = PBXShellScriptBuildPhase;
			buildActionMask = 2147483647;
			files = (
			);
			inputFileListPaths = (
			);
			inputPaths = (
				"${PODS_PODFILE_DIR_PATH}/Podfile.lock",
				"${PODS_ROOT}/Manifest.lock",
			);
			name = "[CP] Check Pods Manifest.lock";
			outputFileListPaths = (
			);
			outputPaths = (
				"$(DERIVED_FILE_DIR)/Pods-NailStocks-checkManifestLockResult.txt",
			);
			runOnlyForDeploymentPostprocessing = 0;
			shellPath = /bin/sh;
			shellScript = "diff \"${PODS_PODFILE_DIR_PATH}/Podfile.lock\" \"${PODS_ROOT}/Manifest.lock\" > /dev/null\nif [ $? != 0 ] ; then\n    # print error to STDERR\n    echo \"error: The sandbox is not in sync with the Podfile.lock. Run 'pod install' or update your CocoaPods installation.\" >&2\n    exit 1\nfi\n# This output is used by Xcode 'outputs' to avoid re-running this script phase.\necho \"SUCCESS\" > \"${SCRIPT_OUTPUT_FILE_0}\"\n";
			showEnvVarsInLog = 0;
		};
		3E4A0AE95C610CFC221D918F /* [CP] Embed Pods Frameworks */ = {
			isa = PBXShellScriptBuildPhase;
			buildActionMask = 2147483647;
			files = (
			);
			inputFileListPaths = (
				"${PODS_ROOT}/Target Support Files/Pods-NailStocks/Pods-NailStocks-frameworks-${CONFIGURATION}-input-files.xcfilelist",
			);
			name = "[CP] Embed Pods Frameworks";
			outputFileListPaths = (
				"${PODS_ROOT}/Target Support Files/Pods-NailStocks/Pods-NailStocks-frameworks-${CONFIGURATION}-output-files.xcfilelist",
			);
			runOnlyForDeploymentPostprocessing = 0;
			shellPath = /bin/sh;
			shellScript = "\"${PODS_ROOT}/Target Support Files/Pods-NailStocks/Pods-NailStocks-frameworks.sh\"\n";
			showEnvVarsInLog = 0;
		};
/* End PBXShellScriptBuildPhase section */

/* Begin PBXSourcesBuildPhase section */
		30C8D80B27C2C57600608058 /* Sources */ = {
			isa = PBXSourcesBuildPhase;
			buildActionMask = 2147483647;
			files = (
				30A901CF27CEA23C0088E594 /* APIKeys.swift in Sources */,
				30A901D327CEBC570088E594 /* MarketCap.swift in Sources */,
				30A901CD27CEA1C30088E594 /* URLs.swift in Sources */,
				30C8D81327C2C57600608058 /* AppDelegate.swift in Sources */,
				30C8D81527C2C57600608058 /* SceneDelegate.swift in Sources */,
				30A901D127CEA4770088E594 /* StockViewController.swift in Sources */,
			);
			runOnlyForDeploymentPostprocessing = 0;
		};
/* End PBXSourcesBuildPhase section */

/* Begin PBXVariantGroup section */
		30C8D81827C2C57600608058 /* Main.storyboard */ = {
			isa = PBXVariantGroup;
			children = (
				30C8D81927C2C57600608058 /* Base */,
			);
			name = Main.storyboard;
			sourceTree = "<group>";
		};
		30C8D81D27C2C57700608058 /* LaunchScreen.storyboard */ = {
			isa = PBXVariantGroup;
			children = (
				30C8D81E27C2C57700608058 /* Base */,
			);
			name = LaunchScreen.storyboard;
			sourceTree = "<group>";
		};
/* End PBXVariantGroup section */

/* Begin XCBuildConfiguration section */
		30C8D82127C2C57700608058 /* Debug */ = {
			isa = XCBuildConfiguration;
			buildSettings = {
				ALWAYS_SEARCH_USER_PATHS = NO;
				CLANG_ANALYZER_NONNULL = YES;
				CLANG_ANALYZER_NUMBER_OBJECT_CONVERSION = YES_AGGRESSIVE;
				CLANG_CXX_LANGUAGE_STANDARD = "gnu++17";
				CLANG_CXX_LIBRARY = "libc++";
				CLANG_ENABLE_MODULES = YES;
				CLANG_ENABLE_OBJC_ARC = YES;
				CLANG_ENABLE_OBJC_WEAK = YES;
				CLANG_WARN_BLOCK_CAPTURE_AUTORELEASING = YES;
				CLANG_WARN_BOOL_CONVERSION = YES;
				CLANG_WARN_COMMA = YES;
				CLANG_WARN_CONSTANT_CONVERSION = YES;
				CLANG_WARN_DEPRECATED_OBJC_IMPLEMENTATIONS = YES;
				CLANG_WARN_DIRECT_OBJC_ISA_USAGE = YES_ERROR;
				CLANG_WARN_DOCUMENTATION_COMMENTS = YES;
				CLANG_WARN_EMPTY_BODY = YES;
				CLANG_WARN_ENUM_CONVERSION = YES;
				CLANG_WARN_INFINITE_RECURSION = YES;
				CLANG_WARN_INT_CONVERSION = YES;
				CLANG_WARN_NON_LITERAL_NULL_CONVERSION = YES;
				CLANG_WARN_OBJC_IMPLICIT_RETAIN_SELF = YES;
				CLANG_WARN_OBJC_LITERAL_CONVERSION = YES;
				CLANG_WARN_OBJC_ROOT_CLASS = YES_ERROR;
				CLANG_WARN_QUOTED_INCLUDE_IN_FRAMEWORK_HEADER = YES;
				CLANG_WARN_RANGE_LOOP_ANALYSIS = YES;
				CLANG_WARN_STRICT_PROTOTYPES = YES;
				CLANG_WARN_SUSPICIOUS_MOVE = YES;
				CLANG_WARN_UNGUARDED_AVAILABILITY = YES_AGGRESSIVE;
				CLANG_WARN_UNREACHABLE_CODE = YES;
				CLANG_WARN__DUPLICATE_METHOD_MATCH = YES;
				COPY_PHASE_STRIP = NO;
				DEBUG_INFORMATION_FORMAT = dwarf;
				ENABLE_STRICT_OBJC_MSGSEND = YES;
				ENABLE_TESTABILITY = YES;
				GCC_C_LANGUAGE_STANDARD = gnu11;
				GCC_DYNAMIC_NO_PIC = NO;
				GCC_NO_COMMON_BLOCKS = YES;
				GCC_OPTIMIZATION_LEVEL = 0;
				GCC_PREPROCESSOR_DEFINITIONS = (
					"DEBUG=1",
					"$(inherited)",
				);
				GCC_WARN_64_TO_32_BIT_CONVERSION = YES;
				GCC_WARN_ABOUT_RETURN_TYPE = YES_ERROR;
				GCC_WARN_UNDECLARED_SELECTOR = YES;
				GCC_WARN_UNINITIALIZED_AUTOS = YES_AGGRESSIVE;
				GCC_WARN_UNUSED_FUNCTION = YES;
				GCC_WARN_UNUSED_VARIABLE = YES;
				IPHONEOS_DEPLOYMENT_TARGET = 15.2;
				MTL_ENABLE_DEBUG_INFO = INCLUDE_SOURCE;
				MTL_FAST_MATH = YES;
				ONLY_ACTIVE_ARCH = YES;
				SDKROOT = iphoneos;
				SWIFT_ACTIVE_COMPILATION_CONDITIONS = DEBUG;
				SWIFT_OPTIMIZATION_LEVEL = "-Onone";
			};
			name = Debug;
		};
		30C8D82227C2C57700608058 /* Release */ = {
			isa = XCBuildConfiguration;
			buildSettings = {
				ALWAYS_SEARCH_USER_PATHS = NO;
				CLANG_ANALYZER_NONNULL = YES;
				CLANG_ANALYZER_NUMBER_OBJECT_CONVERSION = YES_AGGRESSIVE;
				CLANG_CXX_LANGUAGE_STANDARD = "gnu++17";
				CLANG_CXX_LIBRARY = "libc++";
				CLANG_ENABLE_MODULES = YES;
				CLANG_ENABLE_OBJC_ARC = YES;
				CLANG_ENABLE_OBJC_WEAK = YES;
				CLANG_WARN_BLOCK_CAPTURE_AUTORELEASING = YES;
				CLANG_WARN_BOOL_CONVERSION = YES;
				CLANG_WARN_COMMA = YES;
				CLANG_WARN_CONSTANT_CONVERSION = YES;
				CLANG_WARN_DEPRECATED_OBJC_IMPLEMENTATIONS = YES;
				CLANG_WARN_DIRECT_OBJC_ISA_USAGE = YES_ERROR;
				CLANG_WARN_DOCUMENTATION_COMMENTS = YES;
				CLANG_WARN_EMPTY_BODY = YES;
				CLANG_WARN_ENUM_CONVERSION = YES;
				CLANG_WARN_INFINITE_RECURSION = YES;
				CLANG_WARN_INT_CONVERSION = YES;
				CLANG_WARN_NON_LITERAL_NULL_CONVERSION = YES;
				CLANG_WARN_OBJC_IMPLICIT_RETAIN_SELF = YES;
				CLANG_WARN_OBJC_LITERAL_CONVERSION = YES;
				CLANG_WARN_OBJC_ROOT_CLASS = YES_ERROR;
				CLANG_WARN_QUOTED_INCLUDE_IN_FRAMEWORK_HEADER = YES;
				CLANG_WARN_RANGE_LOOP_ANALYSIS = YES;
				CLANG_WARN_STRICT_PROTOTYPES = YES;
				CLANG_WARN_SUSPICIOUS_MOVE = YES;
				CLANG_WARN_UNGUARDED_AVAILABILITY = YES_AGGRESSIVE;
				CLANG_WARN_UNREACHABLE_CODE = YES;
				CLANG_WARN__DUPLICATE_METHOD_MATCH = YES;
				COPY_PHASE_STRIP = NO;
				DEBUG_INFORMATION_FORMAT = "dwarf-with-dsym";
				ENABLE_NS_ASSERTIONS = NO;
				ENABLE_STRICT_OBJC_MSGSEND = YES;
				GCC_C_LANGUAGE_STANDARD = gnu11;
				GCC_NO_COMMON_BLOCKS = YES;
				GCC_WARN_64_TO_32_BIT_CONVERSION = YES;
				GCC_WARN_ABOUT_RETURN_TYPE = YES_ERROR;
				GCC_WARN_UNDECLARED_SELECTOR = YES;
				GCC_WARN_UNINITIALIZED_AUTOS = YES_AGGRESSIVE;
				GCC_WARN_UNUSED_FUNCTION = YES;
				GCC_WARN_UNUSED_VARIABLE = YES;
				IPHONEOS_DEPLOYMENT_TARGET = 15.2;
				MTL_ENABLE_DEBUG_INFO = NO;
				MTL_FAST_MATH = YES;
				SDKROOT = iphoneos;
				SWIFT_COMPILATION_MODE = wholemodule;
				SWIFT_OPTIMIZATION_LEVEL = "-O";
				VALIDATE_PRODUCT = YES;
			};
			name = Release;
		};
		30C8D82427C2C57700608058 /* Debug */ = {
			isa = XCBuildConfiguration;
			baseConfigurationReference = B0ACD3BA48ECC2357559F660 /* Pods-NailStocks.debug.xcconfig */;
			buildSettings = {
				ASSETCATALOG_COMPILER_APPICON_NAME = AppIcon;
				ASSETCATALOG_COMPILER_GLOBAL_ACCENT_COLOR_NAME = AccentColor;
				CODE_SIGN_STYLE = Automatic;
				CURRENT_PROJECT_VERSION = 1;
				GENERATE_INFOPLIST_FILE = YES;
				INFOPLIST_FILE = NailStocks/Info.plist;
				INFOPLIST_KEY_UIApplicationSupportsIndirectInputEvents = YES;
				INFOPLIST_KEY_UILaunchStoryboardName = LaunchScreen;
				INFOPLIST_KEY_UIMainStoryboardFile = Main;
				INFOPLIST_KEY_UISupportedInterfaceOrientations_iPad = "UIInterfaceOrientationPortrait UIInterfaceOrientationPortraitUpsideDown UIInterfaceOrientationLandscapeLeft UIInterfaceOrientationLandscapeRight";
				INFOPLIST_KEY_UISupportedInterfaceOrientations_iPhone = "UIInterfaceOrientationPortrait UIInterfaceOrientationLandscapeLeft UIInterfaceOrientationLandscapeRight";
				LD_RUNPATH_SEARCH_PATHS = (
					"$(inherited)",
					"@executable_path/Frameworks",
				);
				MARKETING_VERSION = 1.0;
				PRODUCT_BUNDLE_IDENTIFIER = edu.northeastern.PengyuWang.NailStocks;
				PRODUCT_NAME = "$(TARGET_NAME)";
				SWIFT_EMIT_LOC_STRINGS = YES;
				SWIFT_VERSION = 5.0;
				TARGETED_DEVICE_FAMILY = "1,2";
			};
			name = Debug;
		};
		30C8D82527C2C57700608058 /* Release */ = {
			isa = XCBuildConfiguration;
			baseConfigurationReference = 65B534D5D47BC696379AE13B /* Pods-NailStocks.release.xcconfig */;
			buildSettings = {
				ASSETCATALOG_COMPILER_APPICON_NAME = AppIcon;
				ASSETCATALOG_COMPILER_GLOBAL_ACCENT_COLOR_NAME = AccentColor;
				CODE_SIGN_STYLE = Automatic;
				CURRENT_PROJECT_VERSION = 1;
				GENERATE_INFOPLIST_FILE = YES;
				INFOPLIST_FILE = NailStocks/Info.plist;
				INFOPLIST_KEY_UIApplicationSupportsIndirectInputEvents = YES;
				INFOPLIST_KEY_UILaunchStoryboardName = LaunchScreen;
				INFOPLIST_KEY_UIMainStoryboardFile = Main;
				INFOPLIST_KEY_UISupportedInterfaceOrientations_iPad = "UIInterfaceOrientationPortrait UIInterfaceOrientationPortraitUpsideDown UIInterfaceOrientationLandscapeLeft UIInterfaceOrientationLandscapeRight";
				INFOPLIST_KEY_UISupportedInterfaceOrientations_iPhone = "UIInterfaceOrientationPortrait UIInterfaceOrientationLandscapeLeft UIInterfaceOrientationLandscapeRight";
				LD_RUNPATH_SEARCH_PATHS = (
					"$(inherited)",
					"@executable_path/Frameworks",
				);
				MARKETING_VERSION = 1.0;
				PRODUCT_BUNDLE_IDENTIFIER = edu.northeastern.PengyuWang.NailStocks;
				PRODUCT_NAME = "$(TARGET_NAME)";
				SWIFT_EMIT_LOC_STRINGS = YES;
				SWIFT_VERSION = 5.0;
				TARGETED_DEVICE_FAMILY = "1,2";
			};
			name = Release;
		};
/* End XCBuildConfiguration section */

/* Begin XCConfigurationList section */
		30C8D80A27C2C57600608058 /* Build configuration list for PBXProject "NailStocks" */ = {
			isa = XCConfigurationList;
			buildConfigurations = (
				30C8D82127C2C57700608058 /* Debug */,
				30C8D82227C2C57700608058 /* Release */,
			);
			defaultConfigurationIsVisible = 0;
			defaultConfigurationName = Release;
		};
		30C8D82327C2C57700608058 /* Build configuration list for PBXNativeTarget "NailStocks" */ = {
			isa = XCConfigurationList;
			buildConfigurations = (
				30C8D82427C2C57700608058 /* Debug */,
				30C8D82527C2C57700608058 /* Release */,
			);
			defaultConfigurationIsVisible = 0;
			defaultConfigurationName = Release;
		};
/* End XCConfigurationList section */
	};
	rootObject = 30C8D80727C2C57600608058 /* Project object */;
}
